
Microsoft Visual Studio Solution File, Format Version 12.00
# Visual Studio 14
VisualStudioVersion = 14.0.23107.0
MinimumVisualStudioVersion = 10.0.40219.1
Project("{FAE04EC0-301F-11D3-BF4B-00C04F79EFBC}") = "WebApplication1", "WebApplication1\WebApplication1.csproj", "{904F8A9C-C194-4323-918F-2145D30E8253}"
EndProject
Project("{FAE04EC0-301F-11D3-BF4B-00C04F79EFBC}") = "WebApplication2", "WebApplication2\WebApplication2.csproj", "{EABD10CF-DFA0-49D1-A21D-43F46C139911}"
EndProject
Global
	GlobalSection(SolutionConfigurationPlatforms) = preSolution
		Debug|Any CPU = Debug|Any CPU
		Release|Any CPU = Release|Any CPU
	EndGlobalSection
	GlobalSection(ProjectConfigurationPlatforms) = postSolution
		{904F8A9C-C194-4323-918F-2145D30E8253}.Debug|Any CPU.ActiveCfg = Debug|Any CPU
		{904F8A9C-C194-4323-918F-2145D30E8253}.Debug|Any CPU.Build.0 = Debug|Any CPU
		{904F8A9C-C194-4323-918F-2145D30E8253}.Release|Any CPU.ActiveCfg = Release|Any CPU
		{904F8A9C-C194-4323-918F-2145D30E8253}.Release|Any CPU.Build.0 = Release|Any CPU
		{EABD10CF-DFA0-49D1-A21D-43F46C139911}.Debug|Any CPU.ActiveCfg = Debug|Any CPU
		{EABD10CF-DFA0-49D1-A21D-43F46C139911}.Debug|Any CPU.Build.0 = Debug|Any CPU
		{EABD10CF-DFA0-49D1-A21D-43F46C139911}.Release|Any CPU.ActiveCfg = Release|Any CPU
		{EABD10CF-DFA0-49D1-A21D-43F46C139911}.Release|Any CPU.Build.0 = Release|Any CPU
	EndGlobalSection
	GlobalSection(SolutionProperties) = preSolution
		HideSolutionNode = FALSE
	EndGlobalSection
EndGlobal
